
Microsoft Visual Studio Solution File, Format Version 12.00
# Visual Studio Version 17
VisualStudioVersion = 17.0.32112.339
MinimumVisualStudioVersion = 10.0.40219.1
Project("{F184B08F-C81C-45F6-A57F-5ABD9991F28F}") = "vb__calc", "vb__calc.vbproj", "{4C62CD45-8DB8-4032-BC40-9F0CEE490826}"
EndProject
Global
	GlobalSection(SolutionConfigurationPlatforms) = preSolution
		Debug|Any CPU = Debug|Any CPU
		Release|Any CPU = Release|Any CPU
	EndGlobalSection
	GlobalSection(ProjectConfigurationPlatforms) = postSolution
		{4C62CD45-8DB8-4032-BC40-9F0CEE490826}.Debug|Any CPU.ActiveCfg = Debug|Any CPU
		{4C62CD45-8DB8-4032-BC40-9F0CEE490826}.Debug|Any CPU.Build.0 = Debug|Any CPU
		{4C62CD45-8DB8-4032-BC40-9F0CEE490826}.Release|Any CPU.ActiveCfg = Release|Any CPU
		{4C62CD45-8DB8-4032-BC40-9F0CEE490826}.Release|Any CPU.Build.0 = Release|Any CPU
	EndGlobalSection
	GlobalSection(SolutionProperties) = preSolution
		HideSolutionNode = FALSE
	EndGlobalSection
	GlobalSection(ExtensibilityGlobals) = postSolution
		SolutionGuid = {2429DE1D-FA09-4D1F-9436-8214B8E6AABF}
	EndGlobalSection
EndGlobal
